
Microsoft Visual Studio Solution File, Format Version 12.00
# Visual Studio 2013
VisualStudioVersion = 12.0.31101.0
MinimumVisualStudioVersion = 10.0.40219.1
Project("{FAE04EC0-301F-11D3-BF4B-00C04F79EFBC}") = "Mango.Core", "Mango.Core\Mango.Core.csproj", "{6F8E9878-0641-4FD2-9E78-480B5AC287CC}"
EndProject
Project("{FAE04EC0-301F-11D3-BF4B-00C04F79EFBC}") = "Mango.Core.Web", "Mango.Core.Web\Mango.Core.Web.csproj", "{14EA3816-DFCF-4EB0-BD97-7008D2528D77}"
EndProject
Project("{FAE04EC0-301F-11D3-BF4B-00C04F79EFBC}") = "Mango.Web", "Mango.Web\Mango.Web.csproj", "{68FED6C8-B2A2-49CF-B5FB-70CC7BE54BCF}"
EndProject
Project("{FAE04EC0-301F-11D3-BF4B-00C04F79EFBC}") = "Mango.Web.Tests", "Mango.Web.Tests\Mango.Web.Tests.csproj", "{C50F78DE-D999-4D33-A263-3027B8654D4C}"
EndProject
Project("{FAE04EC0-301F-11D3-BF4B-00C04F79EFBC}") = "Mango.Storage", "Mango.Storage\Mango.Storage.csproj", "{ECC22639-96B9-44B3-AD95-F4579D0E3ED5}"
EndProject
Global
	GlobalSection(SolutionConfigurationPlatforms) = preSolution
		Debug|Any CPU = Debug|Any CPU
		Release|Any CPU = Release|Any CPU
	EndGlobalSection
	GlobalSection(ProjectConfigurationPlatforms) = postSolution
		{6F8E9878-0641-4FD2-9E78-480B5AC287CC}.Debug|Any CPU.ActiveCfg = Debug|Any CPU
		{6F8E9878-0641-4FD2-9E78-480B5AC287CC}.Debug|Any CPU.Build.0 = Debug|Any CPU
		{6F8E9878-0641-4FD2-9E78-480B5AC287CC}.Release|Any CPU.ActiveCfg = Release|Any CPU
		{6F8E9878-0641-4FD2-9E78-480B5AC287CC}.Release|Any CPU.Build.0 = Release|Any CPU
		{14EA3816-DFCF-4EB0-BD97-7008D2528D77}.Debug|Any CPU.ActiveCfg = Debug|Any CPU
		{14EA3816-DFCF-4EB0-BD97-7008D2528D77}.Debug|Any CPU.Build.0 = Debug|Any CPU
		{14EA3816-DFCF-4EB0-BD97-7008D2528D77}.Release|Any CPU.ActiveCfg = Release|Any CPU
		{14EA3816-DFCF-4EB0-BD97-7008D2528D77}.Release|Any CPU.Build.0 = Release|Any CPU
		{68FED6C8-B2A2-49CF-B5FB-70CC7BE54BCF}.Debug|Any CPU.ActiveCfg = Debug|Any CPU
		{68FED6C8-B2A2-49CF-B5FB-70CC7BE54BCF}.Debug|Any CPU.Build.0 = Debug|Any CPU
		{68FED6C8-B2A2-49CF-B5FB-70CC7BE54BCF}.Release|Any CPU.ActiveCfg = Release|Any CPU
		{68FED6C8-B2A2-49CF-B5FB-70CC7BE54BCF}.Release|Any CPU.Build.0 = Release|Any CPU
		{C50F78DE-D999-4D33-A263-3027B8654D4C}.Debug|Any CPU.ActiveCfg = Debug|Any CPU
		{C50F78DE-D999-4D33-A263-3027B8654D4C}.Debug|Any CPU.Build.0 = Debug|Any CPU
		{C50F78DE-D999-4D33-A263-3027B8654D4C}.Release|Any CPU.ActiveCfg = Release|Any CPU
		{C50F78DE-D999-4D33-A263-3027B8654D4C}.Release|Any CPU.Build.0 = Release|Any CPU
		{ECC22639-96B9-44B3-AD95-F4579D0E3ED5}.Debug|Any CPU.ActiveCfg = Debug|Any CPU
		{ECC22639-96B9-44B3-AD95-F4579D0E3ED5}.Debug|Any CPU.Build.0 = Debug|Any CPU
		{ECC22639-96B9-44B3-AD95-F4579D0E3ED5}.Release|Any CPU.ActiveCfg = Release|Any CPU
		{ECC22639-96B9-44B3-AD95-F4579D0E3ED5}.Release|Any CPU.Build.0 = Release|Any CPU
	EndGlobalSection
	GlobalSection(SolutionProperties) = preSolution
		HideSolutionNode = FALSE
	EndGlobalSection
EndGlobal
